{
  "name": "countrycitystatejson",
  "version": "0.2.11",
  "lockfileVersion": 1,
  "requires": true,
  "dependencies": {
    "countries-list": {
      "version": "2.3.2",
      "resolved": "https://registry.npmjs.org/countries-list/-/countries-list-2.3.2.tgz",
      "integrity": "sha512-krycuc2+OLaoMgUk30/mkmM7GtLn1cx25umFjJr7k1O/wusWRi0UcTdYm2/4+Ei5dz0EBau7PWJQWJYQ+wsEiw=="
    },
    "country-state-city": {
      "version": "0.0.5",
      "resolved": "https://registry.npmjs.org/country-state-city/-/country-state-city-0.0.5.tgz",
      "integrity": "sha1-KtN1Ab/PdEQnDu8M3sygBGcF+tI="
    }
  }
}
